
Microsoft Visual Studio Solution File, Format Version 12.00
# Visual Studio Version 17
VisualStudioVersion = 17.1.32210.238
MinimumVisualStudioVersion = 10.0.40219.1
Project("{8BC9CEB8-8B4A-11D0-8D11-00A0C91BC942}") = "16.1", "16.1.vcxproj", "{A315CC69-A4D6-4E86-8D79-CC7346873FBE}"
EndProject
Project("{8BC9CEB8-8B4A-11D0-8D11-00A0C91BC942}") = "16.2", "..\16.2\16.2.vcxproj", "{DCEFCE75-5970-4B9D-A947-8D9E225D9117}"
EndProject
Project("{2150E333-8FDC-42A3-9474-1A3956D46DE8}") = "dop1", "dop1", "{84313ABA-A3A7-438D-9A9D-E5B9CA05965A}"
EndProject
Project("{2150E333-8FDC-42A3-9474-1A3956D46DE8}") = "dop2", "dop2", "{B547BFBE-ECB9-43EA-97CB-91893B701BD5}"
EndProject
Project("{2150E333-8FDC-42A3-9474-1A3956D46DE8}") = "dop3", "dop3", "{7263BA25-423A-47A1-9B08-BD3C5B3A0AE3}"
EndProject
Project("{8BC9CEB8-8B4A-11D0-8D11-00A0C91BC942}") = "16v.1", "..\16v.1\16v.1.vcxproj", "{23FFF24A-D0B8-43BB-A759-D8E7ED26EF40}"
EndProject
Project("{8BC9CEB8-8B4A-11D0-8D11-00A0C91BC942}") = "16v.2", "..\16v.2\16v.2.vcxproj", "{53D9668C-85F4-4345-BD64-879CFF7857CA}"
EndProject
Project("{8BC9CEB8-8B4A-11D0-8D11-00A0C91BC942}") = "8.1", "..\8.1\8.1.vcxproj", "{06CF06E9-ADC5-4AD0-8631-00FE1A455B81}"
EndProject
Project("{8BC9CEB8-8B4A-11D0-8D11-00A0C91BC942}") = "8.2", "..\8.2\8.2.vcxproj", "{F1349021-1FEF-45E0-8FC4-A8B32827FC67}"
EndProject
Project("{8BC9CEB8-8B4A-11D0-8D11-00A0C91BC942}") = "5.1", "..\5.1\5.1.vcxproj", "{E9F44E2C-3837-47A2-82AB-EEBF00B83A76}"
EndProject
Project("{8BC9CEB8-8B4A-11D0-8D11-00A0C91BC942}") = "5.2", "..\5.2\5.2.vcxproj", "{72B3A1E2-0902-45A3-9177-C07F79AD2924}"
EndProject
Global
	GlobalSection(SolutionConfigurationPlatforms) = preSolution
		Debug|x64 = Debug|x64
		Debug|x86 = Debug|x86
		Release|x64 = Release|x64
		Release|x86 = Release|x86
	EndGlobalSection
	GlobalSection(ProjectConfigurationPlatforms) = postSolution
		{A315CC69-A4D6-4E86-8D79-CC7346873FBE}.Debug|x64.ActiveCfg = Debug|x64
		{A315CC69-A4D6-4E86-8D79-CC7346873FBE}.Debug|x64.Build.0 = Debug|x64
		{A315CC69-A4D6-4E86-8D79-CC7346873FBE}.Debug|x86.ActiveCfg = Debug|Win32
		{A315CC69-A4D6-4E86-8D79-CC7346873FBE}.Debug|x86.Build.0 = Debug|Win32
		{A315CC69-A4D6-4E86-8D79-CC7346873FBE}.Release|x64.ActiveCfg = Release|x64
		{A315CC69-A4D6-4E86-8D79-CC7346873FBE}.Release|x64.Build.0 = Release|x64
		{A315CC69-A4D6-4E86-8D79-CC7346873FBE}.Release|x86.ActiveCfg = Release|Win32
		{A315CC69-A4D6-4E86-8D79-CC7346873FBE}.Release|x86.Build.0 = Release|Win32
		{DCEFCE75-5970-4B9D-A947-8D9E225D9117}.Debug|x64.ActiveCfg = Debug|x64
		{DCEFCE75-5970-4B9D-A947-8D9E225D9117}.Debug|x64.Build.0 = Debug|x64
		{DCEFCE75-5970-4B9D-A947-8D9E225D9117}.Debug|x86.ActiveCfg = Debug|Win32
		{DCEFCE75-5970-4B9D-A947-8D9E225D9117}.Debug|x86.Build.0 = Debug|Win32
		{DCEFCE75-5970-4B9D-A947-8D9E225D9117}.Release|x64.ActiveCfg = Release|x64
		{DCEFCE75-5970-4B9D-A947-8D9E225D9117}.Release|x64.Build.0 = Release|x64
		{DCEFCE75-5970-4B9D-A947-8D9E225D9117}.Release|x86.ActiveCfg = Release|Win32
		{DCEFCE75-5970-4B9D-A947-8D9E225D9117}.Release|x86.Build.0 = Release|Win32
		{23FFF24A-D0B8-43BB-A759-D8E7ED26EF40}.Debug|x64.ActiveCfg = Debug|x64
		{23FFF24A-D0B8-43BB-A759-D8E7ED26EF40}.Debug|x64.Build.0 = Debug|x64
		{23FFF24A-D0B8-43BB-A759-D8E7ED26EF40}.Debug|x86.ActiveCfg = Debug|Win32
		{23FFF24A-D0B8-43BB-A759-D8E7ED26EF40}.Debug|x86.Build.0 = Debug|Win32
		{23FFF24A-D0B8-43BB-A759-D8E7ED26EF40}.Release|x64.ActiveCfg = Release|x64
		{23FFF24A-D0B8-43BB-A759-D8E7ED26EF40}.Release|x64.Build.0 = Release|x64
		{23FFF24A-D0B8-43BB-A759-D8E7ED26EF40}.Release|x86.ActiveCfg = Release|Win32
		{23FFF24A-D0B8-43BB-A759-D8E7ED26EF40}.Release|x86.Build.0 = Release|Win32
		{53D9668C-85F4-4345-BD64-879CFF7857CA}.Debug|x64.ActiveCfg = Debug|x64
		{53D9668C-85F4-4345-BD64-879CFF7857CA}.Debug|x64.Build.0 = Debug|x64
		{53D9668C-85F4-4345-BD64-879CFF7857CA}.Debug|x86.ActiveCfg = Debug|Win32
		{53D9668C-85F4-4345-BD64-879CFF7857CA}.Debug|x86.Build.0 = Debug|Win32
		{53D9668C-85F4-4345-BD64-879CFF7857CA}.Release|x64.ActiveCfg = Release|x64
		{53D9668C-85F4-4345-BD64-879CFF7857CA}.Release|x64.Build.0 = Release|x64
		{53D9668C-85F4-4345-BD64-879CFF7857CA}.Release|x86.ActiveCfg = Release|Win32
		{53D9668C-85F4-4345-BD64-879CFF7857CA}.Release|x86.Build.0 = Release|Win32
		{06CF06E9-ADC5-4AD0-8631-00FE1A455B81}.Debug|x64.ActiveCfg = Debug|x64
		{06CF06E9-ADC5-4AD0-8631-00FE1A455B81}.Debug|x64.Build.0 = Debug|x64
		{06CF06E9-ADC5-4AD0-8631-00FE1A455B81}.Debug|x86.ActiveCfg = Debug|Win32
		{06CF06E9-ADC5-4AD0-8631-00FE1A455B81}.Debug|x86.Build.0 = Debug|Win32
		{06CF06E9-ADC5-4AD0-8631-00FE1A455B81}.Release|x64.ActiveCfg = Release|x64
		{06CF06E9-ADC5-4AD0-8631-00FE1A455B81}.Release|x64.Build.0 = Release|x64
		{06CF06E9-ADC5-4AD0-8631-00FE1A455B81}.Release|x86.ActiveCfg = Release|Win32
		{06CF06E9-ADC5-4AD0-8631-00FE1A455B81}.Release|x86.Build.0 = Release|Win32
		{F1349021-1FEF-45E0-8FC4-A8B32827FC67}.Debug|x64.ActiveCfg = Debug|x64
		{F1349021-1FEF-45E0-8FC4-A8B32827FC67}.Debug|x64.Build.0 = Debug|x64
		{F1349021-1FEF-45E0-8FC4-A8B32827FC67}.Debug|x86.ActiveCfg = Debug|Win32
		{F1349021-1FEF-45E0-8FC4-A8B32827FC67}.Debug|x86.Build.0 = Debug|Win32
		{F1349021-1FEF-45E0-8FC4-A8B32827FC67}.Release|x64.ActiveCfg = Release|x64
		{F1349021-1FEF-45E0-8FC4-A8B32827FC67}.Release|x64.Build.0 = Release|x64
		{F1349021-1FEF-45E0-8FC4-A8B32827FC67}.Release|x86.ActiveCfg = Release|Win32
		{F1349021-1FEF-45E0-8FC4-A8B32827FC67}.Release|x86.Build.0 = Release|Win32
		{E9F44E2C-3837-47A2-82AB-EEBF00B83A76}.Debug|x64.ActiveCfg = Debug|x64
		{E9F44E2C-3837-47A2-82AB-EEBF00B83A76}.Debug|x64.Build.0 = Debug|x64
		{E9F44E2C-3837-47A2-82AB-EEBF00B83A76}.Debug|x86.ActiveCfg = Debug|Win32
		{E9F44E2C-3837-47A2-82AB-EEBF00B83A76}.Debug|x86.Build.0 = Debug|Win32
		{E9F44E2C-3837-47A2-82AB-EEBF00B83A76}.Release|x64.ActiveCfg = Release|x64
		{E9F44E2C-3837-47A2-82AB-EEBF00B83A76}.Release|x64.Build.0 = Release|x64
		{E9F44E2C-3837-47A2-82AB-EEBF00B83A76}.Release|x86.ActiveCfg = Release|Win32
		{E9F44E2C-3837-47A2-82AB-EEBF00B83A76}.Release|x86.Build.0 = Release|Win32
		{72B3A1E2-0902-45A3-9177-C07F79AD2924}.Debug|x64.ActiveCfg = Debug|x64
		{72B3A1E2-0902-45A3-9177-C07F79AD2924}.Debug|x64.Build.0 = Debug|x64
		{72B3A1E2-0902-45A3-9177-C07F79AD2924}.Debug|x86.ActiveCfg = Debug|Win32
		{72B3A1E2-0902-45A3-9177-C07F79AD2924}.Debug|x86.Build.0 = Debug|Win32
		{72B3A1E2-0902-45A3-9177-C07F79AD2924}.Release|x64.ActiveCfg = Release|x64
		{72B3A1E2-0902-45A3-9177-C07F79AD2924}.Release|x64.Build.0 = Release|x64
		{72B3A1E2-0902-45A3-9177-C07F79AD2924}.Release|x86.ActiveCfg = Release|Win32
		{72B3A1E2-0902-45A3-9177-C07F79AD2924}.Release|x86.Build.0 = Release|Win32
	EndGlobalSection
	GlobalSection(SolutionProperties) = preSolution
		HideSolutionNode = FALSE
	EndGlobalSection
	GlobalSection(NestedProjects) = preSolution
		{23FFF24A-D0B8-43BB-A759-D8E7ED26EF40} = {84313ABA-A3A7-438D-9A9D-E5B9CA05965A}
		{53D9668C-85F4-4345-BD64-879CFF7857CA} = {84313ABA-A3A7-438D-9A9D-E5B9CA05965A}
		{06CF06E9-ADC5-4AD0-8631-00FE1A455B81} = {B547BFBE-ECB9-43EA-97CB-91893B701BD5}
		{F1349021-1FEF-45E0-8FC4-A8B32827FC67} = {B547BFBE-ECB9-43EA-97CB-91893B701BD5}
		{E9F44E2C-3837-47A2-82AB-EEBF00B83A76} = {7263BA25-423A-47A1-9B08-BD3C5B3A0AE3}
		{72B3A1E2-0902-45A3-9177-C07F79AD2924} = {7263BA25-423A-47A1-9B08-BD3C5B3A0AE3}
	EndGlobalSection
	GlobalSection(ExtensibilityGlobals) = postSolution
		SolutionGuid = {AC611D28-1271-4F13-B4DF-7B540D57A0D8}
	EndGlobalSection
EndGlobal
