
Microsoft Visual Studio Solution File, Format Version 12.00
# Visual Studio Version 17
VisualStudioVersion = 17.1.32210.238
MinimumVisualStudioVersion = 10.0.40219.1
Project("{8BC9CEB8-8B4A-11D0-8D11-00A0C91BC942}") = "9.1", "9.1.vcxproj", "{603B1218-D881-45B3-B841-DC00D084B5E4}"
EndProject
Project("{8BC9CEB8-8B4A-11D0-8D11-00A0C91BC942}") = "9.2", "..\9.2\9.2.vcxproj", "{F9E1528D-4F6B-4998-8DD6-D8D7258DEF93}"
EndProject
Project("{2150E333-8FDC-42A3-9474-1A3956D46DE8}") = "dop1", "dop1", "{A76B09D6-041D-42E4-9F50-9589EE349A98}"
EndProject
Project("{2150E333-8FDC-42A3-9474-1A3956D46DE8}") = "dop2", "dop2", "{CB3E2B8A-7E6E-4601-8B05-E07F89BB3878}"
EndProject
Project("{2150E333-8FDC-42A3-9474-1A3956D46DE8}") = "dop3", "dop3", "{B1B3803F-1C42-44A4-AF62-375BDA9DC76D}"
EndProject
Project("{8BC9CEB8-8B4A-11D0-8D11-00A0C91BC942}") = "8.1", "..\8.1\8.1.vcxproj", "{AF6E74C9-3AB1-4C7E-810C-59737A252EA6}"
EndProject
Project("{8BC9CEB8-8B4A-11D0-8D11-00A0C91BC942}") = "8.2", "..\8.2\8.2.vcxproj", "{ED522462-21C3-470C-ACFA-D28C38182717}"
EndProject
Project("{8BC9CEB8-8B4A-11D0-8D11-00A0C91BC942}") = "11.1", "..\11.1\11.1.vcxproj", "{0EF61B16-59F3-4C7A-9B44-E6EF9E2D6A22}"
EndProject
Project("{8BC9CEB8-8B4A-11D0-8D11-00A0C91BC942}") = "11.2", "..\11.2\11.2.vcxproj", "{2BCE7E58-EEB2-43CA-8384-FC8F62E9684E}"
EndProject
Project("{8BC9CEB8-8B4A-11D0-8D11-00A0C91BC942}") = "1.1", "..\1.1\1.1.vcxproj", "{89389164-DA66-44F9-961D-571004EC26D0}"
EndProject
Project("{8BC9CEB8-8B4A-11D0-8D11-00A0C91BC942}") = "1.2", "..\1.2\1.2.vcxproj", "{09BEDC05-7F4B-432F-A943-E11DE2F17947}"
EndProject
Global
	GlobalSection(SolutionConfigurationPlatforms) = preSolution
		Debug|x64 = Debug|x64
		Debug|x86 = Debug|x86
		Release|x64 = Release|x64
		Release|x86 = Release|x86
	EndGlobalSection
	GlobalSection(ProjectConfigurationPlatforms) = postSolution
		{603B1218-D881-45B3-B841-DC00D084B5E4}.Debug|x64.ActiveCfg = Debug|x64
		{603B1218-D881-45B3-B841-DC00D084B5E4}.Debug|x64.Build.0 = Debug|x64
		{603B1218-D881-45B3-B841-DC00D084B5E4}.Debug|x86.ActiveCfg = Debug|Win32
		{603B1218-D881-45B3-B841-DC00D084B5E4}.Debug|x86.Build.0 = Debug|Win32
		{603B1218-D881-45B3-B841-DC00D084B5E4}.Release|x64.ActiveCfg = Release|x64
		{603B1218-D881-45B3-B841-DC00D084B5E4}.Release|x64.Build.0 = Release|x64
		{603B1218-D881-45B3-B841-DC00D084B5E4}.Release|x86.ActiveCfg = Release|Win32
		{603B1218-D881-45B3-B841-DC00D084B5E4}.Release|x86.Build.0 = Release|Win32
		{F9E1528D-4F6B-4998-8DD6-D8D7258DEF93}.Debug|x64.ActiveCfg = Debug|x64
		{F9E1528D-4F6B-4998-8DD6-D8D7258DEF93}.Debug|x64.Build.0 = Debug|x64
		{F9E1528D-4F6B-4998-8DD6-D8D7258DEF93}.Debug|x86.ActiveCfg = Debug|Win32
		{F9E1528D-4F6B-4998-8DD6-D8D7258DEF93}.Debug|x86.Build.0 = Debug|Win32
		{F9E1528D-4F6B-4998-8DD6-D8D7258DEF93}.Release|x64.ActiveCfg = Release|x64
		{F9E1528D-4F6B-4998-8DD6-D8D7258DEF93}.Release|x64.Build.0 = Release|x64
		{F9E1528D-4F6B-4998-8DD6-D8D7258DEF93}.Release|x86.ActiveCfg = Release|Win32
		{F9E1528D-4F6B-4998-8DD6-D8D7258DEF93}.Release|x86.Build.0 = Release|Win32
		{AF6E74C9-3AB1-4C7E-810C-59737A252EA6}.Debug|x64.ActiveCfg = Debug|x64
		{AF6E74C9-3AB1-4C7E-810C-59737A252EA6}.Debug|x64.Build.0 = Debug|x64
		{AF6E74C9-3AB1-4C7E-810C-59737A252EA6}.Debug|x86.ActiveCfg = Debug|Win32
		{AF6E74C9-3AB1-4C7E-810C-59737A252EA6}.Debug|x86.Build.0 = Debug|Win32
		{AF6E74C9-3AB1-4C7E-810C-59737A252EA6}.Release|x64.ActiveCfg = Release|x64
		{AF6E74C9-3AB1-4C7E-810C-59737A252EA6}.Release|x64.Build.0 = Release|x64
		{AF6E74C9-3AB1-4C7E-810C-59737A252EA6}.Release|x86.ActiveCfg = Release|Win32
		{AF6E74C9-3AB1-4C7E-810C-59737A252EA6}.Release|x86.Build.0 = Release|Win32
		{ED522462-21C3-470C-ACFA-D28C38182717}.Debug|x64.ActiveCfg = Debug|x64
		{ED522462-21C3-470C-ACFA-D28C38182717}.Debug|x64.Build.0 = Debug|x64
		{ED522462-21C3-470C-ACFA-D28C38182717}.Debug|x86.ActiveCfg = Debug|Win32
		{ED522462-21C3-470C-ACFA-D28C38182717}.Debug|x86.Build.0 = Debug|Win32
		{ED522462-21C3-470C-ACFA-D28C38182717}.Release|x64.ActiveCfg = Release|x64
		{ED522462-21C3-470C-ACFA-D28C38182717}.Release|x64.Build.0 = Release|x64
		{ED522462-21C3-470C-ACFA-D28C38182717}.Release|x86.ActiveCfg = Release|Win32
		{ED522462-21C3-470C-ACFA-D28C38182717}.Release|x86.Build.0 = Release|Win32
		{0EF61B16-59F3-4C7A-9B44-E6EF9E2D6A22}.Debug|x64.ActiveCfg = Debug|x64
		{0EF61B16-59F3-4C7A-9B44-E6EF9E2D6A22}.Debug|x64.Build.0 = Debug|x64
		{0EF61B16-59F3-4C7A-9B44-E6EF9E2D6A22}.Debug|x86.ActiveCfg = Debug|Win32
		{0EF61B16-59F3-4C7A-9B44-E6EF9E2D6A22}.Debug|x86.Build.0 = Debug|Win32
		{0EF61B16-59F3-4C7A-9B44-E6EF9E2D6A22}.Release|x64.ActiveCfg = Release|x64
		{0EF61B16-59F3-4C7A-9B44-E6EF9E2D6A22}.Release|x64.Build.0 = Release|x64
		{0EF61B16-59F3-4C7A-9B44-E6EF9E2D6A22}.Release|x86.ActiveCfg = Release|Win32
		{0EF61B16-59F3-4C7A-9B44-E6EF9E2D6A22}.Release|x86.Build.0 = Release|Win32
		{2BCE7E58-EEB2-43CA-8384-FC8F62E9684E}.Debug|x64.ActiveCfg = Debug|x64
		{2BCE7E58-EEB2-43CA-8384-FC8F62E9684E}.Debug|x64.Build.0 = Debug|x64
		{2BCE7E58-EEB2-43CA-8384-FC8F62E9684E}.Debug|x86.ActiveCfg = Debug|Win32
		{2BCE7E58-EEB2-43CA-8384-FC8F62E9684E}.Debug|x86.Build.0 = Debug|Win32
		{2BCE7E58-EEB2-43CA-8384-FC8F62E9684E}.Release|x64.ActiveCfg = Release|x64
		{2BCE7E58-EEB2-43CA-8384-FC8F62E9684E}.Release|x64.Build.0 = Release|x64
		{2BCE7E58-EEB2-43CA-8384-FC8F62E9684E}.Release|x86.ActiveCfg = Release|Win32
		{2BCE7E58-EEB2-43CA-8384-FC8F62E9684E}.Release|x86.Build.0 = Release|Win32
		{89389164-DA66-44F9-961D-571004EC26D0}.Debug|x64.ActiveCfg = Debug|x64
		{89389164-DA66-44F9-961D-571004EC26D0}.Debug|x64.Build.0 = Debug|x64
		{89389164-DA66-44F9-961D-571004EC26D0}.Debug|x86.ActiveCfg = Debug|Win32
		{89389164-DA66-44F9-961D-571004EC26D0}.Debug|x86.Build.0 = Debug|Win32
		{89389164-DA66-44F9-961D-571004EC26D0}.Release|x64.ActiveCfg = Release|x64
		{89389164-DA66-44F9-961D-571004EC26D0}.Release|x64.Build.0 = Release|x64
		{89389164-DA66-44F9-961D-571004EC26D0}.Release|x86.ActiveCfg = Release|Win32
		{89389164-DA66-44F9-961D-571004EC26D0}.Release|x86.Build.0 = Release|Win32
		{09BEDC05-7F4B-432F-A943-E11DE2F17947}.Debug|x64.ActiveCfg = Debug|x64
		{09BEDC05-7F4B-432F-A943-E11DE2F17947}.Debug|x64.Build.0 = Debug|x64
		{09BEDC05-7F4B-432F-A943-E11DE2F17947}.Debug|x86.ActiveCfg = Debug|Win32
		{09BEDC05-7F4B-432F-A943-E11DE2F17947}.Debug|x86.Build.0 = Debug|Win32
		{09BEDC05-7F4B-432F-A943-E11DE2F17947}.Release|x64.ActiveCfg = Release|x64
		{09BEDC05-7F4B-432F-A943-E11DE2F17947}.Release|x64.Build.0 = Release|x64
		{09BEDC05-7F4B-432F-A943-E11DE2F17947}.Release|x86.ActiveCfg = Release|Win32
		{09BEDC05-7F4B-432F-A943-E11DE2F17947}.Release|x86.Build.0 = Release|Win32
	EndGlobalSection
	GlobalSection(SolutionProperties) = preSolution
		HideSolutionNode = FALSE
	EndGlobalSection
	GlobalSection(NestedProjects) = preSolution
		{AF6E74C9-3AB1-4C7E-810C-59737A252EA6} = {A76B09D6-041D-42E4-9F50-9589EE349A98}
		{ED522462-21C3-470C-ACFA-D28C38182717} = {A76B09D6-041D-42E4-9F50-9589EE349A98}
		{0EF61B16-59F3-4C7A-9B44-E6EF9E2D6A22} = {CB3E2B8A-7E6E-4601-8B05-E07F89BB3878}
		{2BCE7E58-EEB2-43CA-8384-FC8F62E9684E} = {CB3E2B8A-7E6E-4601-8B05-E07F89BB3878}
		{89389164-DA66-44F9-961D-571004EC26D0} = {B1B3803F-1C42-44A4-AF62-375BDA9DC76D}
		{09BEDC05-7F4B-432F-A943-E11DE2F17947} = {B1B3803F-1C42-44A4-AF62-375BDA9DC76D}
	EndGlobalSection
	GlobalSection(ExtensibilityGlobals) = postSolution
		SolutionGuid = {DEC4028A-3F32-4B32-8015-7A95A12E9958}
	EndGlobalSection
EndGlobal
