
Microsoft Visual Studio Solution File, Format Version 12.00
# Visual Studio Version 17
VisualStudioVersion = 17.2.32505.173
MinimumVisualStudioVersion = 10.0.40219.1
Project("{8BC9CEB8-8B4A-11D0-8D11-00A0C91BC942}") = "Лаба 8", "Лаба 8.vcxproj", "{3CE86211-CAE6-4374-A6C0-84BD21126C75}"
EndProject
Project("{2150E333-8FDC-42A3-9474-1A3956D46DE8}") = "8.1", "8.1", "{16C57832-6AEE-40B9-975E-3833E70E098A}"
EndProject
Project("{8BC9CEB8-8B4A-11D0-8D11-00A0C91BC942}") = "8.1", "..\8.1\8.1.vcxproj", "{78F2B4CA-C04F-480F-8C58-BBAE2910D596}"
EndProject
Project("{2150E333-8FDC-42A3-9474-1A3956D46DE8}") = "dop1", "dop1", "{1A69E1DF-B902-4F75-BCFD-79786BB54F34}"
EndProject
Project("{8BC9CEB8-8B4A-11D0-8D11-00A0C91BC942}") = "dop1", "..\dop1\dop1.vcxproj", "{280A1B88-9BE3-4608-951A-D82DDE2E9AB1}"
EndProject
Project("{2150E333-8FDC-42A3-9474-1A3956D46DE8}") = "dop2", "dop2", "{0F16A584-5082-4F05-B29D-1F3BC48BD52D}"
EndProject
Project("{8BC9CEB8-8B4A-11D0-8D11-00A0C91BC942}") = "dop2", "..\dop2\dop2.vcxproj", "{64CD5AAD-48E4-40E8-89F3-571432BE4873}"
EndProject
Project("{2150E333-8FDC-42A3-9474-1A3956D46DE8}") = "dop3", "dop3", "{93E47A83-6473-4335-83E2-4A6E258570F8}"
EndProject
Project("{8BC9CEB8-8B4A-11D0-8D11-00A0C91BC942}") = "dop3", "..\dop3\dop3.vcxproj", "{77B64E5D-A93D-4E62-9AE2-BAAA9C0679E3}"
EndProject
Project("{2150E333-8FDC-42A3-9474-1A3956D46DE8}") = "15", "15", "{4F150D21-0997-4E20-AB4D-A4F0018E601A}"
EndProject
Project("{8BC9CEB8-8B4A-11D0-8D11-00A0C91BC942}") = "15", "..\15\15.vcxproj", "{A0581E5F-C5B2-48DF-9CE8-7C82C5BE957F}"
EndProject
Project("{2150E333-8FDC-42A3-9474-1A3956D46DE8}") = "15.1", "15.1", "{22E29B17-1B0B-460F-93D1-6F81502B18A2}"
EndProject
Project("{8BC9CEB8-8B4A-11D0-8D11-00A0C91BC942}") = "15.1", "..\15.1\15.1.vcxproj", "{CE885099-5D9A-4FEB-BBDF-EC131DC38B83}"
EndProject
Global
	GlobalSection(SolutionConfigurationPlatforms) = preSolution
		Debug|x64 = Debug|x64
		Debug|x86 = Debug|x86
		Release|x64 = Release|x64
		Release|x86 = Release|x86
	EndGlobalSection
	GlobalSection(ProjectConfigurationPlatforms) = postSolution
		{3CE86211-CAE6-4374-A6C0-84BD21126C75}.Debug|x64.ActiveCfg = Debug|x64
		{3CE86211-CAE6-4374-A6C0-84BD21126C75}.Debug|x64.Build.0 = Debug|x64
		{3CE86211-CAE6-4374-A6C0-84BD21126C75}.Debug|x86.ActiveCfg = Debug|Win32
		{3CE86211-CAE6-4374-A6C0-84BD21126C75}.Debug|x86.Build.0 = Debug|Win32
		{3CE86211-CAE6-4374-A6C0-84BD21126C75}.Release|x64.ActiveCfg = Release|x64
		{3CE86211-CAE6-4374-A6C0-84BD21126C75}.Release|x64.Build.0 = Release|x64
		{3CE86211-CAE6-4374-A6C0-84BD21126C75}.Release|x86.ActiveCfg = Release|Win32
		{3CE86211-CAE6-4374-A6C0-84BD21126C75}.Release|x86.Build.0 = Release|Win32
		{78F2B4CA-C04F-480F-8C58-BBAE2910D596}.Debug|x64.ActiveCfg = Debug|x64
		{78F2B4CA-C04F-480F-8C58-BBAE2910D596}.Debug|x64.Build.0 = Debug|x64
		{78F2B4CA-C04F-480F-8C58-BBAE2910D596}.Debug|x86.ActiveCfg = Debug|Win32
		{78F2B4CA-C04F-480F-8C58-BBAE2910D596}.Debug|x86.Build.0 = Debug|Win32
		{78F2B4CA-C04F-480F-8C58-BBAE2910D596}.Release|x64.ActiveCfg = Release|x64
		{78F2B4CA-C04F-480F-8C58-BBAE2910D596}.Release|x64.Build.0 = Release|x64
		{78F2B4CA-C04F-480F-8C58-BBAE2910D596}.Release|x86.ActiveCfg = Release|Win32
		{78F2B4CA-C04F-480F-8C58-BBAE2910D596}.Release|x86.Build.0 = Release|Win32
		{280A1B88-9BE3-4608-951A-D82DDE2E9AB1}.Debug|x64.ActiveCfg = Debug|x64
		{280A1B88-9BE3-4608-951A-D82DDE2E9AB1}.Debug|x64.Build.0 = Debug|x64
		{280A1B88-9BE3-4608-951A-D82DDE2E9AB1}.Debug|x86.ActiveCfg = Debug|Win32
		{280A1B88-9BE3-4608-951A-D82DDE2E9AB1}.Debug|x86.Build.0 = Debug|Win32
		{280A1B88-9BE3-4608-951A-D82DDE2E9AB1}.Release|x64.ActiveCfg = Release|x64
		{280A1B88-9BE3-4608-951A-D82DDE2E9AB1}.Release|x64.Build.0 = Release|x64
		{280A1B88-9BE3-4608-951A-D82DDE2E9AB1}.Release|x86.ActiveCfg = Release|Win32
		{280A1B88-9BE3-4608-951A-D82DDE2E9AB1}.Release|x86.Build.0 = Release|Win32
		{64CD5AAD-48E4-40E8-89F3-571432BE4873}.Debug|x64.ActiveCfg = Debug|x64
		{64CD5AAD-48E4-40E8-89F3-571432BE4873}.Debug|x64.Build.0 = Debug|x64
		{64CD5AAD-48E4-40E8-89F3-571432BE4873}.Debug|x86.ActiveCfg = Debug|Win32
		{64CD5AAD-48E4-40E8-89F3-571432BE4873}.Debug|x86.Build.0 = Debug|Win32
		{64CD5AAD-48E4-40E8-89F3-571432BE4873}.Release|x64.ActiveCfg = Release|x64
		{64CD5AAD-48E4-40E8-89F3-571432BE4873}.Release|x64.Build.0 = Release|x64
		{64CD5AAD-48E4-40E8-89F3-571432BE4873}.Release|x86.ActiveCfg = Release|Win32
		{64CD5AAD-48E4-40E8-89F3-571432BE4873}.Release|x86.Build.0 = Release|Win32
		{77B64E5D-A93D-4E62-9AE2-BAAA9C0679E3}.Debug|x64.ActiveCfg = Debug|x64
		{77B64E5D-A93D-4E62-9AE2-BAAA9C0679E3}.Debug|x64.Build.0 = Debug|x64
		{77B64E5D-A93D-4E62-9AE2-BAAA9C0679E3}.Debug|x86.ActiveCfg = Debug|Win32
		{77B64E5D-A93D-4E62-9AE2-BAAA9C0679E3}.Debug|x86.Build.0 = Debug|Win32
		{77B64E5D-A93D-4E62-9AE2-BAAA9C0679E3}.Release|x64.ActiveCfg = Release|x64
		{77B64E5D-A93D-4E62-9AE2-BAAA9C0679E3}.Release|x64.Build.0 = Release|x64
		{77B64E5D-A93D-4E62-9AE2-BAAA9C0679E3}.Release|x86.ActiveCfg = Release|Win32
		{77B64E5D-A93D-4E62-9AE2-BAAA9C0679E3}.Release|x86.Build.0 = Release|Win32
		{A0581E5F-C5B2-48DF-9CE8-7C82C5BE957F}.Debug|x64.ActiveCfg = Debug|x64
		{A0581E5F-C5B2-48DF-9CE8-7C82C5BE957F}.Debug|x64.Build.0 = Debug|x64
		{A0581E5F-C5B2-48DF-9CE8-7C82C5BE957F}.Debug|x86.ActiveCfg = Debug|Win32
		{A0581E5F-C5B2-48DF-9CE8-7C82C5BE957F}.Debug|x86.Build.0 = Debug|Win32
		{A0581E5F-C5B2-48DF-9CE8-7C82C5BE957F}.Release|x64.ActiveCfg = Release|x64
		{A0581E5F-C5B2-48DF-9CE8-7C82C5BE957F}.Release|x64.Build.0 = Release|x64
		{A0581E5F-C5B2-48DF-9CE8-7C82C5BE957F}.Release|x86.ActiveCfg = Release|Win32
		{A0581E5F-C5B2-48DF-9CE8-7C82C5BE957F}.Release|x86.Build.0 = Release|Win32
		{CE885099-5D9A-4FEB-BBDF-EC131DC38B83}.Debug|x64.ActiveCfg = Debug|x64
		{CE885099-5D9A-4FEB-BBDF-EC131DC38B83}.Debug|x64.Build.0 = Debug|x64
		{CE885099-5D9A-4FEB-BBDF-EC131DC38B83}.Debug|x86.ActiveCfg = Debug|Win32
		{CE885099-5D9A-4FEB-BBDF-EC131DC38B83}.Debug|x86.Build.0 = Debug|Win32
		{CE885099-5D9A-4FEB-BBDF-EC131DC38B83}.Release|x64.ActiveCfg = Release|x64
		{CE885099-5D9A-4FEB-BBDF-EC131DC38B83}.Release|x64.Build.0 = Release|x64
		{CE885099-5D9A-4FEB-BBDF-EC131DC38B83}.Release|x86.ActiveCfg = Release|Win32
		{CE885099-5D9A-4FEB-BBDF-EC131DC38B83}.Release|x86.Build.0 = Release|Win32
	EndGlobalSection
	GlobalSection(SolutionProperties) = preSolution
		HideSolutionNode = FALSE
	EndGlobalSection
	GlobalSection(NestedProjects) = preSolution
		{78F2B4CA-C04F-480F-8C58-BBAE2910D596} = {16C57832-6AEE-40B9-975E-3833E70E098A}
		{280A1B88-9BE3-4608-951A-D82DDE2E9AB1} = {1A69E1DF-B902-4F75-BCFD-79786BB54F34}
		{64CD5AAD-48E4-40E8-89F3-571432BE4873} = {0F16A584-5082-4F05-B29D-1F3BC48BD52D}
		{77B64E5D-A93D-4E62-9AE2-BAAA9C0679E3} = {93E47A83-6473-4335-83E2-4A6E258570F8}
		{A0581E5F-C5B2-48DF-9CE8-7C82C5BE957F} = {4F150D21-0997-4E20-AB4D-A4F0018E601A}
		{CE885099-5D9A-4FEB-BBDF-EC131DC38B83} = {22E29B17-1B0B-460F-93D1-6F81502B18A2}
	EndGlobalSection
	GlobalSection(ExtensibilityGlobals) = postSolution
		SolutionGuid = {1622FE8A-C9B7-4325-97AE-4C2567BC07E6}
	EndGlobalSection
EndGlobal
